
Microsoft Visual Studio Solution File, Format Version 12.00
# Visual Studio 14
VisualStudioVersion = 14.0.25420.1
MinimumVisualStudioVersion = 10.0.40219.1
Project("{FAE04EC0-301F-11D3-BF4B-00C04F79EFBC}") = "RTR.IT.AS.ApplicationServer", "RTR.IT.AS.ApplicationServer\RTR.IT.AS.ApplicationServer.csproj", "{CF2BD482-A652-47DE-B8F3-08356844EC94}"
EndProject
Project("{FAE04EC0-301F-11D3-BF4B-00C04F79EFBC}") = "RTR.IT.AS.Infrastructure", "RTR.IT.AS.Infrastructure\RTR.IT.AS.Infrastructure.csproj", "{9E262B62-A472-440C-AF3F-02D48FCEAD8C}"
EndProject
Project("{FAE04EC0-301F-11D3-BF4B-00C04F79EFBC}") = "RTR.IT.AS.Core.Contracts", "RTR.IT.AS.Core.Contracts\RTR.IT.AS.Core.Contracts.csproj", "{10D9FBEB-6ACE-4CDD-83A9-1EE1250F7220}"
EndProject
Project("{FAE04EC0-301F-11D3-BF4B-00C04F79EFBC}") = "RTR.IT.AS.Core.Entities", "RTR.IT.AS.Core.Entities\RTR.IT.AS.Core.Entities.csproj", "{606AE155-2241-452D-9148-F5768AF4F806}"
EndProject
Project("{FAE04EC0-301F-11D3-BF4B-00C04F79EFBC}") = "RTR.IT.AS.Api", "RTR.IT.AS.Api\RTR.IT.AS.Api.csproj", "{7AFE761A-6D46-4925-AFDB-F2F29AEB1DCF}"
EndProject
Project("{FAE04EC0-301F-11D3-BF4B-00C04F79EFBC}") = "RTR.IT.AS.Api.Tests", "RTR.IT.AS.Api.Tests\RTR.IT.AS.Api.Tests.csproj", "{03C920DB-D981-433D-8CB7-837F461C5FEE}"
EndProject
Project("{2150E333-8FDC-42A3-9474-1A3956D46DE8}") = "Api", "Api", "{4607A70D-A699-4BA7-B3F6-396599B5AD34}"
EndProject
Project("{2150E333-8FDC-42A3-9474-1A3956D46DE8}") = "Core", "Core", "{3D4D66D0-1AC7-423C-8775-1AD7495D7E7C}"
EndProject
Global
	GlobalSection(SolutionConfigurationPlatforms) = preSolution
		Debug|Any CPU = Debug|Any CPU
		Release|Any CPU = Release|Any CPU
	EndGlobalSection
	GlobalSection(ProjectConfigurationPlatforms) = postSolution
		{CF2BD482-A652-47DE-B8F3-08356844EC94}.Debug|Any CPU.ActiveCfg = Debug|Any CPU
		{CF2BD482-A652-47DE-B8F3-08356844EC94}.Debug|Any CPU.Build.0 = Debug|Any CPU
		{CF2BD482-A652-47DE-B8F3-08356844EC94}.Release|Any CPU.ActiveCfg = Release|Any CPU
		{CF2BD482-A652-47DE-B8F3-08356844EC94}.Release|Any CPU.Build.0 = Release|Any CPU
		{9E262B62-A472-440C-AF3F-02D48FCEAD8C}.Debug|Any CPU.ActiveCfg = Debug|Any CPU
		{9E262B62-A472-440C-AF3F-02D48FCEAD8C}.Debug|Any CPU.Build.0 = Debug|Any CPU
		{9E262B62-A472-440C-AF3F-02D48FCEAD8C}.Release|Any CPU.ActiveCfg = Release|Any CPU
		{9E262B62-A472-440C-AF3F-02D48FCEAD8C}.Release|Any CPU.Build.0 = Release|Any CPU
		{10D9FBEB-6ACE-4CDD-83A9-1EE1250F7220}.Debug|Any CPU.ActiveCfg = Debug|Any CPU
		{10D9FBEB-6ACE-4CDD-83A9-1EE1250F7220}.Debug|Any CPU.Build.0 = Debug|Any CPU
		{10D9FBEB-6ACE-4CDD-83A9-1EE1250F7220}.Release|Any CPU.ActiveCfg = Release|Any CPU
		{10D9FBEB-6ACE-4CDD-83A9-1EE1250F7220}.Release|Any CPU.Build.0 = Release|Any CPU
		{606AE155-2241-452D-9148-F5768AF4F806}.Debug|Any CPU.ActiveCfg = Debug|Any CPU
		{606AE155-2241-452D-9148-F5768AF4F806}.Debug|Any CPU.Build.0 = Debug|Any CPU
		{606AE155-2241-452D-9148-F5768AF4F806}.Release|Any CPU.ActiveCfg = Release|Any CPU
		{606AE155-2241-452D-9148-F5768AF4F806}.Release|Any CPU.Build.0 = Release|Any CPU
		{7AFE761A-6D46-4925-AFDB-F2F29AEB1DCF}.Debug|Any CPU.ActiveCfg = Debug|Any CPU
		{7AFE761A-6D46-4925-AFDB-F2F29AEB1DCF}.Debug|Any CPU.Build.0 = Debug|Any CPU
		{7AFE761A-6D46-4925-AFDB-F2F29AEB1DCF}.Release|Any CPU.ActiveCfg = Release|Any CPU
		{7AFE761A-6D46-4925-AFDB-F2F29AEB1DCF}.Release|Any CPU.Build.0 = Release|Any CPU
		{03C920DB-D981-433D-8CB7-837F461C5FEE}.Debug|Any CPU.ActiveCfg = Debug|Any CPU
		{03C920DB-D981-433D-8CB7-837F461C5FEE}.Debug|Any CPU.Build.0 = Debug|Any CPU
		{03C920DB-D981-433D-8CB7-837F461C5FEE}.Release|Any CPU.ActiveCfg = Release|Any CPU
		{03C920DB-D981-433D-8CB7-837F461C5FEE}.Release|Any CPU.Build.0 = Release|Any CPU
	EndGlobalSection
	GlobalSection(SolutionProperties) = preSolution
		HideSolutionNode = FALSE
	EndGlobalSection
	GlobalSection(NestedProjects) = preSolution
		{CF2BD482-A652-47DE-B8F3-08356844EC94} = {4607A70D-A699-4BA7-B3F6-396599B5AD34}
		{9E262B62-A472-440C-AF3F-02D48FCEAD8C} = {4607A70D-A699-4BA7-B3F6-396599B5AD34}
		{10D9FBEB-6ACE-4CDD-83A9-1EE1250F7220} = {3D4D66D0-1AC7-423C-8775-1AD7495D7E7C}
		{606AE155-2241-452D-9148-F5768AF4F806} = {3D4D66D0-1AC7-423C-8775-1AD7495D7E7C}
		{7AFE761A-6D46-4925-AFDB-F2F29AEB1DCF} = {4607A70D-A699-4BA7-B3F6-396599B5AD34}
		{03C920DB-D981-433D-8CB7-837F461C5FEE} = {4607A70D-A699-4BA7-B3F6-396599B5AD34}
	EndGlobalSection
EndGlobal
